// !$*UTF8*$!
{
	archiveVersion = 1;
	classes = {
	};
	objectVersion = 52;
	objects = {

/* Begin PBXBuildFile section */
		C6239A65255F5163007A4D09 /* SnapKit in Frameworks */ = {isa = PBXBuildFile; productRef = C6239A64255F5163007A4D09 /* SnapKit */; };
		C65BC65C2560710E00C177AE /* UIViewController+Ext.swift in Sources */ = {isa = PBXBuildFile; fileRef = C65BC65B2560710E00C177AE /* UIViewController+Ext.swift */; };
		C68006D0255F371F005CBCBB /* AppDelegate.swift in Sources */ = {isa = PBXBuildFile; fileRef = C68006CF255F371F005CBCBB /* AppDelegate.swift */; };
		C68006D2255F371F005CBCBB /* SceneDelegate.swift in Sources */ = {isa = PBXBuildFile; fileRef = C68006D1255F371F005CBCBB /* SceneDelegate.swift */; };
		C68006D9255F3722005CBCBB /* Assets.xcassets in Resources */ = {isa = PBXBuildFile; fileRef = C68006D8255F3722005CBCBB /* Assets.xcassets */; };
		C68006DC255F3722005CBCBB /* LaunchScreen.storyboard in Resources */ = {isa = PBXBuildFile; fileRef = C68006DA255F3722005CBCBB /* LaunchScreen.storyboard */; };
		C6A2ED96255F76F700FE44A9 /* VTTabBarController.swift in Sources */ = {isa = PBXBuildFile; fileRef = C6A2ED95255F76F700FE44A9 /* VTTabBarController.swift */; };
		C6A2ED99255F77AF00FE44A9 /* ClosetScreen.swift in Sources */ = {isa = PBXBuildFile; fileRef = C6A2ED98255F77AF00FE44A9 /* ClosetScreen.swift */; };
		C6A2ED9C255F781B00FE44A9 /* SizingScreen.swift in Sources */ = {isa = PBXBuildFile; fileRef = C6A2ED9B255F781B00FE44A9 /* SizingScreen.swift */; };
		C6A2ED9F255F783000FE44A9 /* ProfileScreen.swift in Sources */ = {isa = PBXBuildFile; fileRef = C6A2ED9E255F783000FE44A9 /* ProfileScreen.swift */; };
		C6A2EDA2255F79D800FE44A9 /* VTNavigationController.swift in Sources */ = {isa = PBXBuildFile; fileRef = C6A2EDA1255F79D800FE44A9 /* VTNavigationController.swift */; };
		C6A6E380255F7E020022BEDD /* ClosetItemCell.swift in Sources */ = {isa = PBXBuildFile; fileRef = C6A6E37F255F7E020022BEDD /* ClosetItemCell.swift */; };
		C6A6E386255F7E170022BEDD /* ClosetItem.swift in Sources */ = {isa = PBXBuildFile; fileRef = C6A6E385255F7E170022BEDD /* ClosetItem.swift */; };
		C6A6E38D255F7EDA0022BEDD /* dress2.usdz in Resources */ = {isa = PBXBuildFile; fileRef = C6A6E389255F7ED70022BEDD /* dress2.usdz */; };
		C6A6E38E255F7EDA0022BEDD /* dress4.usdz in Resources */ = {isa = PBXBuildFile; fileRef = C6A6E38A255F7ED90022BEDD /* dress4.usdz */; };
		C6A6E38F255F7EDA0022BEDD /* dress1.usdz in Resources */ = {isa = PBXBuildFile; fileRef = C6A6E38B255F7EDA0022BEDD /* dress1.usdz */; };
		C6A6E390255F7EDA0022BEDD /* dress3.usdz in Resources */ = {isa = PBXBuildFile; fileRef = C6A6E38C255F7EDA0022BEDD /* dress3.usdz */; };
		C6A6E394255F7EF50022BEDD /* constants.swift in Sources */ = {isa = PBXBuildFile; fileRef = C6A6E393255F7EF50022BEDD /* constants.swift */; };
		C6A6E398255F85F50022BEDD /* VTTitleLabel.swift in Sources */ = {isa = PBXBuildFile; fileRef = C6A6E397255F85F50022BEDD /* VTTitleLabel.swift */; };
		C6A6E39B255F8A0B0022BEDD /* VTImageView.swift in Sources */ = {isa = PBXBuildFile; fileRef = C6A6E39A255F8A0B0022BEDD /* VTImageView.swift */; };
		C6A6E39E255F8B330022BEDD /* ClosetItemScreen.swift in Sources */ = {isa = PBXBuildFile; fileRef = C6A6E39D255F8B330022BEDD /* ClosetItemScreen.swift */; };
		C6A6E3A2255F8E730022BEDD /* VTBodyLabel.swift in Sources */ = {isa = PBXBuildFile; fileRef = C6A6E3A1255F8E730022BEDD /* VTBodyLabel.swift */; };
		C6A6E3A7255F90280022BEDD /* UIStackView+Ext.swift in Sources */ = {isa = PBXBuildFile; fileRef = C6A6E3A6255F90280022BEDD /* UIStackView+Ext.swift */; };
		C6A6E3B1255F96AA0022BEDD /* VTButton.swift in Sources */ = {isa = PBXBuildFile; fileRef = C6A6E3B0255F96AA0022BEDD /* VTButton.swift */; };
/* End PBXBuildFile section */

/* Begin PBXFileReference section */
		C65BC65B2560710E00C177AE /* UIViewController+Ext.swift */ = {isa = PBXFileReference; lastKnownFileType = sourcecode.swift; path = "UIViewController+Ext.swift"; sourceTree = "<group>"; };
		C68006CC255F371E005CBCBB /* VestuAR.io.app */ = {isa = PBXFileReference; explicitFileType = wrapper.application; includeInIndex = 0; path = VestuAR.io.app; sourceTree = BUILT_PRODUCTS_DIR; };
		C68006CF255F371F005CBCBB /* AppDelegate.swift */ = {isa = PBXFileReference; lastKnownFileType = sourcecode.swift; path = AppDelegate.swift; sourceTree = "<group>"; };
		C68006D1255F371F005CBCBB /* SceneDelegate.swift */ = {isa = PBXFileReference; lastKnownFileType = sourcecode.swift; path = SceneDelegate.swift; sourceTree = "<group>"; };
		C68006D8255F3722005CBCBB /* Assets.xcassets */ = {isa = PBXFileReference; lastKnownFileType = folder.assetcatalog; path = Assets.xcassets; sourceTree = "<group>"; };
		C68006DB255F3722005CBCBB /* Base */ = {isa = PBXFileReference; lastKnownFileType = file.storyboard; name = Base; path = Base.lproj/LaunchScreen.storyboard; sourceTree = "<group>"; };
		C68006DD255F3722005CBCBB /* Info.plist */ = {isa = PBXFileReference; lastKnownFileType = text.plist.xml; path = Info.plist; sourceTree = "<group>"; };
		C6A2ED95255F76F700FE44A9 /* VTTabBarController.swift */ = {isa = PBXFileReference; lastKnownFileType = sourcecode.swift; path = VTTabBarController.swift; sourceTree = "<group>"; };
		C6A2ED98255F77AF00FE44A9 /* ClosetScreen.swift */ = {isa = PBXFileReference; lastKnownFileType = sourcecode.swift; path = ClosetScreen.swift; sourceTree = "<group>"; };
		C6A2ED9B255F781B00FE44A9 /* SizingScreen.swift */ = {isa = PBXFileReference; lastKnownFileType = sourcecode.swift; path = SizingScreen.swift; sourceTree = "<group>"; };
		C6A2ED9E255F783000FE44A9 /* ProfileScreen.swift */ = {isa = PBXFileReference; lastKnownFileType = sourcecode.swift; path = ProfileScreen.swift; sourceTree = "<group>"; };
		C6A2EDA1255F79D800FE44A9 /* VTNavigationController.swift */ = {isa = PBXFileReference; lastKnownFileType = sourcecode.swift; path = VTNavigationController.swift; sourceTree = "<group>"; };
		C6A6E37F255F7E020022BEDD /* ClosetItemCell.swift */ = {isa = PBXFileReference; lastKnownFileType = sourcecode.swift; path = ClosetItemCell.swift; sourceTree = "<group>"; };
		C6A6E385255F7E170022BEDD /* ClosetItem.swift */ = {isa = PBXFileReference; lastKnownFileType = sourcecode.swift; path = ClosetItem.swift; sourceTree = "<group>"; };
		C6A6E389255F7ED70022BEDD /* dress2.usdz */ = {isa = PBXFileReference; lastKnownFileType = file.usdz; path = dress2.usdz; sourceTree = "<group>"; };
		C6A6E38A255F7ED90022BEDD /* dress4.usdz */ = {isa = PBXFileReference; lastKnownFileType = file.usdz; path = dress4.usdz; sourceTree = "<group>"; };
		C6A6E38B255F7EDA0022BEDD /* dress1.usdz */ = {isa = PBXFileReference; lastKnownFileType = file.usdz; path = dress1.usdz; sourceTree = "<group>"; };
		C6A6E38C255F7EDA0022BEDD /* dress3.usdz */ = {isa = PBXFileReference; lastKnownFileType = file.usdz; path = dress3.usdz; sourceTree = "<group>"; };
		C6A6E393255F7EF50022BEDD /* constants.swift */ = {isa = PBXFileReference; lastKnownFileType = sourcecode.swift; path = constants.swift; sourceTree = "<group>"; };
		C6A6E397255F85F50022BEDD /* VTTitleLabel.swift */ = {isa = PBXFileReference; lastKnownFileType = sourcecode.swift; path = VTTitleLabel.swift; sourceTree = "<group>"; };
		C6A6E39A255F8A0B0022BEDD /* VTImageView.swift */ = {isa = PBXFileReference; lastKnownFileType = sourcecode.swift; path = VTImageView.swift; sourceTree = "<group>"; };
		C6A6E39D255F8B330022BEDD /* ClosetItemScreen.swift */ = {isa = PBXFileReference; lastKnownFileType = sourcecode.swift; path = ClosetItemScreen.swift; sourceTree = "<group>"; };
		C6A6E3A1255F8E730022BEDD /* VTBodyLabel.swift */ = {isa = PBXFileReference; lastKnownFileType = sourcecode.swift; path = VTBodyLabel.swift; sourceTree = "<group>"; };
		C6A6E3A6255F90280022BEDD /* UIStackView+Ext.swift */ = {isa = PBXFileReference; lastKnownFileType = sourcecode.swift; path = "UIStackView+Ext.swift"; sourceTree = "<group>"; };
		C6A6E3B0255F96AA0022BEDD /* VTButton.swift */ = {isa = PBXFileReference; lastKnownFileType = sourcecode.swift; path = VTButton.swift; sourceTree = "<group>"; };
/* End PBXFileReference section */

/* Begin PBXFrameworksBuildPhase section */
		C68006C9255F371E005CBCBB /* Frameworks */ = {
			isa = PBXFrameworksBuildPhase;
			buildActionMask = 2147483647;
			files = (
				C6239A65255F5163007A4D09 /* SnapKit in Frameworks */,
			);
			runOnlyForDeploymentPostprocessing = 0;
		};
/* End PBXFrameworksBuildPhase section */

/* Begin PBXGroup section */
		C68006C3255F371E005CBCBB = {
			isa = PBXGroup;
			children = (
				C68006CE255F371F005CBCBB /* VestuAR.io */,
				C68006CD255F371E005CBCBB /* Products */,
			);
			sourceTree = "<group>";
		};
		C68006CD255F371E005CBCBB /* Products */ = {
			isa = PBXGroup;
			children = (
				C68006CC255F371E005CBCBB /* VestuAR.io.app */,
			);
			name = Products;
			sourceTree = "<group>";
		};
		C68006CE255F371F005CBCBB /* VestuAR.io */ = {
			isa = PBXGroup;
			children = (
				C6A6E384255F7E0F0022BEDD /* Assets */,
				C6A6E37E255F7DEF0022BEDD /* Cells */,
				C6A6E383255F7E070022BEDD /* Models */,
				C68B1AA0255F7B9C0030AD92 /* Screens */,
				C68B1AA6255F7BB60030AD92 /* Subclasses */,
				C6A6E392255F7EEA0022BEDD /* Utilities */,
				C68006CF255F371F005CBCBB /* AppDelegate.swift */,
				C68006D8255F3722005CBCBB /* Assets.xcassets */,
				C68006DD255F3722005CBCBB /* Info.plist */,
				C68006DA255F3722005CBCBB /* LaunchScreen.storyboard */,
				C68006D1255F371F005CBCBB /* SceneDelegate.swift */,
			);
			path = VestuAR.io;
			sourceTree = "<group>";
		};
		C68B1AA0255F7B9C0030AD92 /* Screens */ = {
			isa = PBXGroup;
			children = (
				C68B1AA1255F7BA10030AD92 /* Closet */,
				C68B1AA4255F7BA90030AD92 /* Profile */,
				C68B1AA3255F7BA50030AD92 /* Sizing */,
			);
			path = Screens;
			sourceTree = "<group>";
		};
		C68B1AA1255F7BA10030AD92 /* Closet */ = {
			isa = PBXGroup;
			children = (
				C6A6E39D255F8B330022BEDD /* ClosetItemScreen.swift */,
				C6A2ED98255F77AF00FE44A9 /* ClosetScreen.swift */,
			);
			path = Closet;
			sourceTree = "<group>";
		};
		C68B1AA3255F7BA50030AD92 /* Sizing */ = {
			isa = PBXGroup;
			children = (
				C6A2ED9B255F781B00FE44A9 /* SizingScreen.swift */,
			);
			path = Sizing;
			sourceTree = "<group>";
		};
		C68B1AA4255F7BA90030AD92 /* Profile */ = {
			isa = PBXGroup;
			children = (
				C6A2ED9E255F783000FE44A9 /* ProfileScreen.swift */,
			);
			path = Profile;
			sourceTree = "<group>";
		};
		C68B1AA6255F7BB60030AD92 /* Subclasses */ = {
			isa = PBXGroup;
			children = (
				C6A6E3A1255F8E730022BEDD /* VTBodyLabel.swift */,
				C6A6E3B0255F96AA0022BEDD /* VTButton.swift */,
				C6A6E39A255F8A0B0022BEDD /* VTImageView.swift */,
				C6A2EDA1255F79D800FE44A9 /* VTNavigationController.swift */,
				C6A2ED95255F76F700FE44A9 /* VTTabBarController.swift */,
				C6A6E397255F85F50022BEDD /* VTTitleLabel.swift */,
			);
			path = Subclasses;
			sourceTree = "<group>";
		};
		C6A6E37E255F7DEF0022BEDD /* Cells */ = {
			isa = PBXGroup;
			children = (
				C6A6E37F255F7E020022BEDD /* ClosetItemCell.swift */,
			);
			path = Cells;
			sourceTree = "<group>";
		};
		C6A6E383255F7E070022BEDD /* Models */ = {
			isa = PBXGroup;
			children = (
				C6A6E385255F7E170022BEDD /* ClosetItem.swift */,
			);
			path = Models;
			sourceTree = "<group>";
		};
		C6A6E384255F7E0F0022BEDD /* Assets */ = {
			isa = PBXGroup;
			children = (
				C6A6E38B255F7EDA0022BEDD /* dress1.usdz */,
				C6A6E389255F7ED70022BEDD /* dress2.usdz */,
				C6A6E38C255F7EDA0022BEDD /* dress3.usdz */,
				C6A6E38A255F7ED90022BEDD /* dress4.usdz */,
			);
			path = Assets;
			sourceTree = "<group>";
		};
		C6A6E392255F7EEA0022BEDD /* Utilities */ = {
			isa = PBXGroup;
			children = (
				C6A6E3A5255F901D0022BEDD /* Extensions */,
				C6A6E393255F7EF50022BEDD /* constants.swift */,
			);
			path = Utilities;
			sourceTree = "<group>";
		};
		C6A6E3A5255F901D0022BEDD /* Extensions */ = {
			isa = PBXGroup;
			children = (
				C6A6E3A6255F90280022BEDD /* UIStackView+Ext.swift */,
				C65BC65B2560710E00C177AE /* UIViewController+Ext.swift */,
			);
			path = Extensions;
			sourceTree = "<group>";
		};
/* End PBXGroup section */

/* Begin PBXNativeTarget section */
		C68006CB255F371E005CBCBB /* VestuAR.io */ = {
			isa = PBXNativeTarget;
			buildConfigurationList = C68006E0255F3722005CBCBB /* Build configuration list for PBXNativeTarget "VestuAR.io" */;
			buildPhases = (
				C68006C8255F371E005CBCBB /* Sources */,
				C68006C9255F371E005CBCBB /* Frameworks */,
				C68006CA255F371E005CBCBB /* Resources */,
			);
			buildRules = (
			);
			dependencies = (
			);
			name = VestuAR.io;
			packageProductDependencies = (
				C6239A64255F5163007A4D09 /* SnapKit */,
			);
			productName = VestuAR.io;
			productReference = C68006CC255F371E005CBCBB /* VestuAR.io.app */;
			productType = "com.apple.product-type.application";
		};
/* End PBXNativeTarget section */

/* Begin PBXProject section */
		C68006C4255F371E005CBCBB /* Project object */ = {
			isa = PBXProject;
			attributes = {
				LastSwiftUpdateCheck = 1220;
				LastUpgradeCheck = 1220;
				TargetAttributes = {
					C68006CB255F371E005CBCBB = {
						CreatedOnToolsVersion = 12.2;
					};
				};
			};
			buildConfigurationList = C68006C7255F371E005CBCBB /* Build configuration list for PBXProject "VestuAR.io" */;
			compatibilityVersion = "Xcode 9.3";
			developmentRegion = en;
			hasScannedForEncodings = 0;
			knownRegions = (
				en,
				Base,
			);
			mainGroup = C68006C3255F371E005CBCBB;
			packageReferences = (
				C6239A63255F5163007A4D09 /* XCRemoteSwiftPackageReference "SnapKit" */,
			);
			productRefGroup = C68006CD255F371E005CBCBB /* Products */;
			projectDirPath = "";
			projectRoot = "";
			targets = (
				C68006CB255F371E005CBCBB /* VestuAR.io */,
			);
		};
/* End PBXProject section */

/* Begin PBXResourcesBuildPhase section */
		C68006CA255F371E005CBCBB /* Resources */ = {
			isa = PBXResourcesBuildPhase;
			buildActionMask = 2147483647;
			files = (
				C6A6E38E255F7EDA0022BEDD /* dress4.usdz in Resources */,
				C68006DC255F3722005CBCBB /* LaunchScreen.storyboard in Resources */,
				C6A6E38F255F7EDA0022BEDD /* dress1.usdz in Resources */,
				C68006D9255F3722005CBCBB /* Assets.xcassets in Resources */,
				C6A6E38D255F7EDA0022BEDD /* dress2.usdz in Resources */,
				C6A6E390255F7EDA0022BEDD /* dress3.usdz in Resources */,
			);
			runOnlyForDeploymentPostprocessing = 0;
		};
/* End PBXResourcesBuildPhase section */

/* Begin PBXSourcesBuildPhase section */
		C68006C8255F371E005CBCBB /* Sources */ = {
			isa = PBXSourcesBuildPhase;
			buildActionMask = 2147483647;
			files = (
				C6A6E380255F7E020022BEDD /* ClosetItemCell.swift in Sources */,
				C6A2ED9C255F781B00FE44A9 /* SizingScreen.swift in Sources */,
				C65BC65C2560710E00C177AE /* UIViewController+Ext.swift in Sources */,
				C6A2ED9F255F783000FE44A9 /* ProfileScreen.swift in Sources */,
				C6A6E394255F7EF50022BEDD /* constants.swift in Sources */,
				C6A6E398255F85F50022BEDD /* VTTitleLabel.swift in Sources */,
				C6A2ED99255F77AF00FE44A9 /* ClosetScreen.swift in Sources */,
				C6A6E3A7255F90280022BEDD /* UIStackView+Ext.swift in Sources */,
				C6A6E3A2255F8E730022BEDD /* VTBodyLabel.swift in Sources */,
				C6A6E386255F7E170022BEDD /* ClosetItem.swift in Sources */,
				C6A2ED96255F76F700FE44A9 /* VTTabBarController.swift in Sources */,
				C6A6E39B255F8A0B0022BEDD /* VTImageView.swift in Sources */,
				C6A6E39E255F8B330022BEDD /* ClosetItemScreen.swift in Sources */,
				C6A2EDA2255F79D800FE44A9 /* VTNavigationController.swift in Sources */,
				C68006D0255F371F005CBCBB /* AppDelegate.swift in Sources */,
				C68006D2255F371F005CBCBB /* SceneDelegate.swift in Sources */,
				C6A6E3B1255F96AA0022BEDD /* VTButton.swift in Sources */,
			);
			runOnlyForDeploymentPostprocessing = 0;
		};
/* End PBXSourcesBuildPhase section */

/* Begin PBXVariantGroup section */
		C68006DA255F3722005CBCBB /* LaunchScreen.storyboard */ = {
			isa = PBXVariantGroup;
			children = (
				C68006DB255F3722005CBCBB /* Base */,
			);
			name = LaunchScreen.storyboard;
			sourceTree = "<group>";
		};
/* End PBXVariantGroup section */

/* Begin XCBuildConfiguration section */
		C68006DE255F3722005CBCBB /* Debug */ = {
			isa = XCBuildConfiguration;
			buildSettings = {
				ALWAYS_SEARCH_USER_PATHS = NO;
				CLANG_ANALYZER_NONNULL = YES;
				CLANG_ANALYZER_NUMBER_OBJECT_CONVERSION = YES_AGGRESSIVE;
				CLANG_CXX_LANGUAGE_STANDARD = "gnu++14";
				CLANG_CXX_LIBRARY = "libc++";
				CLANG_ENABLE_MODULES = YES;
				CLANG_ENABLE_OBJC_ARC = YES;
				CLANG_ENABLE_OBJC_WEAK = YES;
				CLANG_WARN_BLOCK_CAPTURE_AUTORELEASING = YES;
				CLANG_WARN_BOOL_CONVERSION = YES;
				CLANG_WARN_COMMA = YES;
				CLANG_WARN_CONSTANT_CONVERSION = YES;
				CLANG_WARN_DEPRECATED_OBJC_IMPLEMENTATIONS = YES;
				CLANG_WARN_DIRECT_OBJC_ISA_USAGE = YES_ERROR;
				CLANG_WARN_DOCUMENTATION_COMMENTS = YES;
				CLANG_WARN_EMPTY_BODY = YES;
				CLANG_WARN_ENUM_CONVERSION = YES;
				CLANG_WARN_INFINITE_RECURSION = YES;
				CLANG_WARN_INT_CONVERSION = YES;
				CLANG_WARN_NON_LITERAL_NULL_CONVERSION = YES;
				CLANG_WARN_OBJC_IMPLICIT_RETAIN_SELF = YES;
				CLANG_WARN_OBJC_LITERAL_CONVERSION = YES;
				CLANG_WARN_OBJC_ROOT_CLASS = YES_ERROR;
				CLANG_WARN_QUOTED_INCLUDE_IN_FRAMEWORK_HEADER = YES;
				CLANG_WARN_RANGE_LOOP_ANALYSIS = YES;
				CLANG_WARN_STRICT_PROTOTYPES = YES;
				CLANG_WARN_SUSPICIOUS_MOVE = YES;
				CLANG_WARN_UNGUARDED_AVAILABILITY = YES_AGGRESSIVE;
				CLANG_WARN_UNREACHABLE_CODE = YES;
				CLANG_WARN__DUPLICATE_METHOD_MATCH = YES;
				COPY_PHASE_STRIP = NO;
				DEBUG_INFORMATION_FORMAT = dwarf;
				ENABLE_STRICT_OBJC_MSGSEND = YES;
				ENABLE_TESTABILITY = YES;
				GCC_C_LANGUAGE_STANDARD = gnu11;
				GCC_DYNAMIC_NO_PIC = NO;
				GCC_NO_COMMON_BLOCKS = YES;
				GCC_OPTIMIZATION_LEVEL = 0;
				GCC_PREPROCESSOR_DEFINITIONS = (
					"DEBUG=1",
					"$(inherited)",
				);
				GCC_WARN_64_TO_32_BIT_CONVERSION = YES;
				GCC_WARN_ABOUT_RETURN_TYPE = YES_ERROR;
				GCC_WARN_UNDECLARED_SELECTOR = YES;
				GCC_WARN_UNINITIALIZED_AUTOS = YES_AGGRESSIVE;
				GCC_WARN_UNUSED_FUNCTION = YES;
				GCC_WARN_UNUSED_VARIABLE = YES;
				IPHONEOS_DEPLOYMENT_TARGET = 14.2;
				MTL_ENABLE_DEBUG_INFO = INCLUDE_SOURCE;
				MTL_FAST_MATH = YES;
				ONLY_ACTIVE_ARCH = YES;
				SDKROOT = iphoneos;
				SWIFT_ACTIVE_COMPILATION_CONDITIONS = DEBUG;
				SWIFT_OPTIMIZATION_LEVEL = "-Onone";
			};
			name = Debug;
		};
		C68006DF255F3722005CBCBB /* Release */ = {
			isa = XCBuildConfiguration;
			buildSettings = {
				ALWAYS_SEARCH_USER_PATHS = NO;
				CLANG_ANALYZER_NONNULL = YES;
				CLANG_ANALYZER_NUMBER_OBJECT_CONVERSION = YES_AGGRESSIVE;
				CLANG_CXX_LANGUAGE_STANDARD = "gnu++14";
				CLANG_CXX_LIBRARY = "libc++";
				CLANG_ENABLE_MODULES = YES;
				CLANG_ENABLE_OBJC_ARC = YES;
				CLANG_ENABLE_OBJC_WEAK = YES;
				CLANG_WARN_BLOCK_CAPTURE_AUTORELEASING = YES;
				CLANG_WARN_BOOL_CONVERSION = YES;
				CLANG_WARN_COMMA = YES;
				CLANG_WARN_CONSTANT_CONVERSION = YES;
				CLANG_WARN_DEPRECATED_OBJC_IMPLEMENTATIONS = YES;
				CLANG_WARN_DIRECT_OBJC_ISA_USAGE = YES_ERROR;
				CLANG_WARN_DOCUMENTATION_COMMENTS = YES;
				CLANG_WARN_EMPTY_BODY = YES;
				CLANG_WARN_ENUM_CONVERSION = YES;
				CLANG_WARN_INFINITE_RECURSION = YES;
				CLANG_WARN_INT_CONVERSION = YES;
				CLANG_WARN_NON_LITERAL_NULL_CONVERSION = YES;
				CLANG_WARN_OBJC_IMPLICIT_RETAIN_SELF = YES;
				CLANG_WARN_OBJC_LITERAL_CONVERSION = YES;
				CLANG_WARN_OBJC_ROOT_CLASS = YES_ERROR;
				CLANG_WARN_QUOTED_INCLUDE_IN_FRAMEWORK_HEADER = YES;
				CLANG_WARN_RANGE_LOOP_ANALYSIS = YES;
				CLANG_WARN_STRICT_PROTOTYPES = YES;
				CLANG_WARN_SUSPICIOUS_MOVE = YES;
				CLANG_WARN_UNGUARDED_AVAILABILITY = YES_AGGRESSIVE;
				CLANG_WARN_UNREACHABLE_CODE = YES;
				CLANG_WARN__DUPLICATE_METHOD_MATCH = YES;
				COPY_PHASE_STRIP = NO;
				DEBUG_INFORMATION_FORMAT = "dwarf-with-dsym";
				ENABLE_NS_ASSERTIONS = NO;
				ENABLE_STRICT_OBJC_MSGSEND = YES;
				GCC_C_LANGUAGE_STANDARD = gnu11;
				GCC_NO_COMMON_BLOCKS = YES;
				GCC_WARN_64_TO_32_BIT_CONVERSION = YES;
				GCC_WARN_ABOUT_RETURN_TYPE = YES_ERROR;
				GCC_WARN_UNDECLARED_SELECTOR = YES;
				GCC_WARN_UNINITIALIZED_AUTOS = YES_AGGRESSIVE;
				GCC_WARN_UNUSED_FUNCTION = YES;
				GCC_WARN_UNUSED_VARIABLE = YES;
				IPHONEOS_DEPLOYMENT_TARGET = 14.2;
				MTL_ENABLE_DEBUG_INFO = NO;
				MTL_FAST_MATH = YES;
				SDKROOT = iphoneos;
				SWIFT_COMPILATION_MODE = wholemodule;
				SWIFT_OPTIMIZATION_LEVEL = "-O";
				VALIDATE_PRODUCT = YES;
			};
			name = Release;
		};
		C68006E1255F3722005CBCBB /* Debug */ = {
			isa = XCBuildConfiguration;
			buildSettings = {
				ASSETCATALOG_COMPILER_APPICON_NAME = AppIcon;
				ASSETCATALOG_COMPILER_GLOBAL_ACCENT_COLOR_NAME = AccentColor;
				CODE_SIGN_STYLE = Automatic;
				DEVELOPMENT_TEAM = DU8BZ7Q774;
				INFOPLIST_FILE = VestuAR.io/Info.plist;
				LD_RUNPATH_SEARCH_PATHS = (
					"$(inherited)",
					"@executable_path/Frameworks",
				);
				PRODUCT_BUNDLE_IDENTIFIER = "com.jerryturcios.VestuAR-io";
				PRODUCT_NAME = "$(TARGET_NAME)";
				SWIFT_VERSION = 5.0;
				TARGETED_DEVICE_FAMILY = "1,2";
			};
			name = Debug;
		};
		C68006E2255F3722005CBCBB /* Release */ = {
			isa = XCBuildConfiguration;
			buildSettings = {
				ASSETCATALOG_COMPILER_APPICON_NAME = AppIcon;
				ASSETCATALOG_COMPILER_GLOBAL_ACCENT_COLOR_NAME = AccentColor;
				CODE_SIGN_STYLE = Automatic;
				DEVELOPMENT_TEAM = DU8BZ7Q774;
				INFOPLIST_FILE = VestuAR.io/Info.plist;
				LD_RUNPATH_SEARCH_PATHS = (
					"$(inherited)",
					"@executable_path/Frameworks",
				);
				PRODUCT_BUNDLE_IDENTIFIER = "com.jerryturcios.VestuAR-io";
				PRODUCT_NAME = "$(TARGET_NAME)";
				SWIFT_VERSION = 5.0;
				TARGETED_DEVICE_FAMILY = "1,2";
			};
			name = Release;
		};
/* End XCBuildConfiguration section */

/* Begin XCConfigurationList section */
		C68006C7255F371E005CBCBB /* Build configuration list for PBXProject "VestuAR.io" */ = {
			isa = XCConfigurationList;
			buildConfigurations = (
				C68006DE255F3722005CBCBB /* Debug */,
				C68006DF255F3722005CBCBB /* Release */,
			);
			defaultConfigurationIsVisible = 0;
			defaultConfigurationName = Release;
		};
		C68006E0255F3722005CBCBB /* Build configuration list for PBXNativeTarget "VestuAR.io" */ = {
			isa = XCConfigurationList;
			buildConfigurations = (
				C68006E1255F3722005CBCBB /* Debug */,
				C68006E2255F3722005CBCBB /* Release */,
			);
			defaultConfigurationIsVisible = 0;
			defaultConfigurationName = Release;
		};
/* End XCConfigurationList section */

/* Begin XCRemoteSwiftPackageReference section */
		C6239A63255F5163007A4D09 /* XCRemoteSwiftPackageReference "SnapKit" */ = {
			isa = XCRemoteSwiftPackageReference;
			repositoryURL = "https://github.com/SnapKit/SnapKit.git";
			requirement = {
				kind = upToNextMajorVersion;
				minimumVersion = 5.0.1;
			};
		};
/* End XCRemoteSwiftPackageReference section */

/* Begin XCSwiftPackageProductDependency section */
		C6239A64255F5163007A4D09 /* SnapKit */ = {
			isa = XCSwiftPackageProductDependency;
			package = C6239A63255F5163007A4D09 /* XCRemoteSwiftPackageReference "SnapKit" */;
			productName = SnapKit;
		};
/* End XCSwiftPackageProductDependency section */
	};
	rootObject = C68006C4255F371E005CBCBB /* Project object */;
}
